
Microsoft Visual Studio Solution File, Format Version 12.00
# Visual Studio Version 16
VisualStudioVersion = 16.0.32106.194
MinimumVisualStudioVersion = 10.0.40219.1
Project("{FAE04EC0-301F-11D3-BF4B-00C04F79EFBC}") = "WebApplicationWithSql", "WebApplicationWithSql\WebApplicationWithSql.csproj", "{D9CF420A-18F7-49AC-9BA7-7ECEE02B2F45}"
EndProject
Global
	GlobalSection(SolutionConfigurationPlatforms) = preSolution
		Debug|Any CPU = Debug|Any CPU
		Release|Any CPU = Release|Any CPU
	EndGlobalSection
	GlobalSection(ProjectConfigurationPlatforms) = postSolution
		{D9CF420A-18F7-49AC-9BA7-7ECEE02B2F45}.Debug|Any CPU.ActiveCfg = Debug|Any CPU
		{D9CF420A-18F7-49AC-9BA7-7ECEE02B2F45}.Debug|Any CPU.Build.0 = Debug|Any CPU
		{D9CF420A-18F7-49AC-9BA7-7ECEE02B2F45}.Release|Any CPU.ActiveCfg = Release|Any CPU
		{D9CF420A-18F7-49AC-9BA7-7ECEE02B2F45}.Release|Any CPU.Build.0 = Release|Any CPU
	EndGlobalSection
	GlobalSection(SolutionProperties) = preSolution
		HideSolutionNode = FALSE
	EndGlobalSection
	GlobalSection(ExtensibilityGlobals) = postSolution
		SolutionGuid = {1CA53B0F-2D79-45D5-94F4-4CE92330F710}
	EndGlobalSection
EndGlobal
